{
  "name": "sails-grunt-task-db-migrate",
  "version": "0.0.2",
  "lockfileVersion": 1,
  "requires": true,
  "dependencies": {
    "sails-db-migrate": {
      "version": "1.5.0",
      "resolved": "https://registry.npmjs.org/sails-db-migrate/-/sails-db-migrate-1.5.0.tgz",
      "integrity": "sha1-0PD761jlQQWtbrdWYBoCLSQFFII="
    }
  }
}
